
Microsoft Visual Studio Solution File, Format Version 12.00
# Visual Studio Version 16
VisualStudioVersion = 16.0.29806.167
MinimumVisualStudioVersion = 10.0.40219.1
Project("{9A19103F-16F7-4668-BE54-9A1E7A4F7556}") = "JonathanDoerr.com", "WebApplication1\JonathanDoerr.com.csproj", "{E8953CA6-7862-46D5-8D14-457DCA41D7BD}"
EndProject
Global
	GlobalSection(SolutionConfigurationPlatforms) = preSolution
		Debug|Any CPU = Debug|Any CPU
		Release|Any CPU = Release|Any CPU
	EndGlobalSection
	GlobalSection(ProjectConfigurationPlatforms) = postSolution
		{E8953CA6-7862-46D5-8D14-457DCA41D7BD}.Debug|Any CPU.ActiveCfg = Debug|Any CPU
		{E8953CA6-7862-46D5-8D14-457DCA41D7BD}.Debug|Any CPU.Build.0 = Debug|Any CPU
		{E8953CA6-7862-46D5-8D14-457DCA41D7BD}.Release|Any CPU.ActiveCfg = Release|Any CPU
		{E8953CA6-7862-46D5-8D14-457DCA41D7BD}.Release|Any CPU.Build.0 = Release|Any CPU
	EndGlobalSection
	GlobalSection(SolutionProperties) = preSolution
		HideSolutionNode = FALSE
	EndGlobalSection
	GlobalSection(ExtensibilityGlobals) = postSolution
		SolutionGuid = {BE312EA9-598C-4F6C-A323-06DE07ACCEA7}
	EndGlobalSection
EndGlobal
